PODS:
  - AsyncObjects (2.1.0):
    - OrderedCollections (~> 1.0.0)
  - LoggerPlugin (0.0.1):
    - PolywrapClient (~> 0.0.7)
  - MessagePacker (0.4.7)
  - metamask-ios-sdk (0.2.0):
    - Socket.IO-Client-Swift (~> 16.0.1)
  - MetamaskProviderPlugin (0.0.4):
    - metamask-ios-sdk (~> 0.2.0)
    - PolywrapClient (~> 0.0.6)
  - OrderedCollections (1.0.4)
  - PolywrapClient (0.0.8):
    - AsyncObjects (~> 2.1.0)
    - MessagePacker (~> 0.4.7)
    - PolywrapClientNative (~> 0.0.7)
  - PolywrapClientNative (0.0.7)
  - Socket.IO-Client-Swift (16.0.1):
    - Starscream (~> 4.0)
  - Starscream (4.0.4)

DEPENDENCIES:
  - LoggerPlugin (from `https://github.com/polywrap/logging.git`)
  - MetamaskProviderPlugin (from `https://github.com/polywrap/ethereum-wallet.git`)
  - PolywrapClient (from `../`)

SPEC REPOS:
  trunk:
    - AsyncObjects
    - MessagePacker
    - metamask-ios-sdk
    - OrderedCollections
    - PolywrapClientNative
    - Socket.IO-Client-Swift
    - Starscream

EXTERNAL SOURCES:
  LoggerPlugin:
    :git: https://github.com/polywrap/logging.git
  MetamaskProviderPlugin:
    :git: https://github.com/polywrap/ethereum-wallet.git
  PolywrapClient:
    :path: "../"

CHECKOUT OPTIONS:
  LoggerPlugin:
    :commit: 41731dc030a2dafe848235fccca939069e96be9f
    :git: https://github.com/polywrap/logging.git
  MetamaskProviderPlugin:
    :commit: b35081c6dccef830e1bb764f4a2f8d212e9aeea3
    :git: https://github.com/polywrap/ethereum-wallet.git

SPEC CHECKSUMS:
  AsyncObjects: 37d04187100fd9cd545a6570a8ad727c5a3c5090
  LoggerPlugin: ba5694bf93f45b2b2a217db2863ecd119a474f83
  MessagePacker: ab2fe250e86ea7aedd1a9ee47a37083edd41fd02
  metamask-ios-sdk: 3c7b575d49b947cdf03ca1c766a9dec9f2c50b90
  MetamaskProviderPlugin: a40bd317d40e0ae7a95becdd8eca69d36a31d3bf
  OrderedCollections: c754ce5f9e42cf22b73afd73582317347903ab6d
  PolywrapClient: c8f2edac2500bbc421dfe7d2c4af757fa6db7224
  PolywrapClientNative: 30398b076b00c8bbf5c2046cfa1c1554c3c31321
  Socket.IO-Client-Swift: c116d6dc9fd6be9c259bacfe143f8725bce7d79e
  Starscream: 5178aed56b316f13fa3bc55694e583d35dd414d9

PODFILE CHECKSUM: b8db46ccb148652e202ae9f5aaf536ef3b38f6ad

COCOAPODS: 1.12.1
